
Microsoft Visual Studio Solution File, Format Version 12.00
# Visual Studio Version 16
VisualStudioVersion = 16.0.35026.282
MinimumVisualStudioVersion = 10.0.40219.1
Project("{FAE04EC0-301F-11D3-BF4B-00C04F79EFBC}") = "Password Generator", "Password Generator\Password Generator.csproj", "{31308B6F-0EEF-4F30-A38E-D20656F018DB}"
EndProject
Global
	GlobalSection(SolutionConfigurationPlatforms) = preSolution
		Debug|Any CPU = Debug|Any CPU
		Release|Any CPU = Release|Any CPU
	EndGlobalSection
	GlobalSection(ProjectConfigurationPlatforms) = postSolution
		{31308B6F-0EEF-4F30-A38E-D20656F018DB}.Debug|Any CPU.ActiveCfg = Debug|Any CPU
		{31308B6F-0EEF-4F30-A38E-D20656F018DB}.Debug|Any CPU.Build.0 = Debug|Any CPU
		{31308B6F-0EEF-4F30-A38E-D20656F018DB}.Release|Any CPU.ActiveCfg = Release|Any CPU
		{31308B6F-0EEF-4F30-A38E-D20656F018DB}.Release|Any CPU.Build.0 = Release|Any CPU
	EndGlobalSection
	GlobalSection(SolutionProperties) = preSolution
		HideSolutionNode = FALSE
	EndGlobalSection
	GlobalSection(ExtensibilityGlobals) = postSolution
		SolutionGuid = {80574B3F-31BD-4B70-94FC-E37AA4C011E4}
	EndGlobalSection
EndGlobal
